
Microsoft Visual Studio Solution File, Format Version 12.00
# Visual Studio Version 17
VisualStudioVersion = 17.0.31611.283
MinimumVisualStudioVersion = 10.0.40219.1
Project("{9A19103F-16F7-4668-BE54-9A1E7A4F7556}") = "MauiSqlite", "MauiApp\MauiSqlite.csproj", "{13C63D11-DD35-48C1-8C5D-9B0F018FC438}"
EndProject
Project("{9A19103F-16F7-4668-BE54-9A1E7A4F7556}") = "MauiSqliteClassLibrary", "MauiSqliteClassLibrary\MauiSqliteClassLibrary.csproj", "{EC8695C9-FFE5-4CC7-B4FD-A6795774AD28}"
EndProject
Global
	GlobalSection(SolutionConfigurationPlatforms) = preSolution
		Debug|Any CPU = Debug|Any CPU
		Release|Any CPU = Release|Any CPU
	EndGlobalSection
	GlobalSection(ProjectConfigurationPlatforms) = postSolution
		{13C63D11-DD35-48C1-8C5D-9B0F018FC438}.Debug|Any CPU.ActiveCfg = Debug|Any CPU
		{13C63D11-DD35-48C1-8C5D-9B0F018FC438}.Debug|Any CPU.Build.0 = Debug|Any CPU
		{13C63D11-DD35-48C1-8C5D-9B0F018FC438}.Debug|Any CPU.Deploy.0 = Debug|Any CPU
		{13C63D11-DD35-48C1-8C5D-9B0F018FC438}.Release|Any CPU.ActiveCfg = Release|Any CPU
		{13C63D11-DD35-48C1-8C5D-9B0F018FC438}.Release|Any CPU.Build.0 = Release|Any CPU
		{13C63D11-DD35-48C1-8C5D-9B0F018FC438}.Release|Any CPU.Deploy.0 = Release|Any CPU
		{EC8695C9-FFE5-4CC7-B4FD-A6795774AD28}.Debug|Any CPU.ActiveCfg = Debug|Any CPU
		{EC8695C9-FFE5-4CC7-B4FD-A6795774AD28}.Debug|Any CPU.Build.0 = Debug|Any CPU
		{EC8695C9-FFE5-4CC7-B4FD-A6795774AD28}.Release|Any CPU.ActiveCfg = Release|Any CPU
		{EC8695C9-FFE5-4CC7-B4FD-A6795774AD28}.Release|Any CPU.Build.0 = Release|Any CPU
	EndGlobalSection
	GlobalSection(SolutionProperties) = preSolution
		HideSolutionNode = FALSE
	EndGlobalSection
	GlobalSection(ExtensibilityGlobals) = postSolution
		SolutionGuid = {61F7FB11-1E47-470C-91E2-47F8143E1572}
	EndGlobalSection
EndGlobal
